# This file is automatically @generated by Cargo.
# It is not intended for manual editing.
version = 4
description = "A Rust crate for decoding the Blackmagic camera control protocol over SDI."
license = "MIT"
repository = "https://github.com/ekshore/eldritchwire"
categories = ["multimedia", "network-programming", "embedded", "hardware-support", "camera", "video"]
keywords = ["blackmagic", "camera-control", "sdi", "protocol", "eldritch"]

[[package]]
name = "eldritchwire"
version = "0.1.0"
